# This file is autogenerated, do not edit; changes may be undone by the next 'dep ensure'.


[[projects]]
  branch = "master"
  name = "github.com/gobwas/httphead"
  packages = ["."]
  revision = "2c6c146eadee0b69f856f87e3e9f1d0cd6aad2f5"

[[projects]]
  name = "github.com/gobwas/pool"
  packages = [".","internal/pmath","pbufio","pbytes"]
  revision = "fa3125c39d7eca32e1387bb69b1b38dcb31b1e0b"
  version = "v0.2.0"

[[projects]]
  name = "github.com/gobwas/ws"
  packages = [".","wsutil"]
  revision = "05baaea2bbcfe8963301c62d9931c882d59595cd"
  version = "v1.0.2"

[[projects]]
  branch = "master"
  name = "github.com/golang/glog"
  packages = ["."]
  revision = "23def4e6c14b4da8ac2ed8007337bc5eb5007998"

[[projects]]
  name = "github.com/graphql-go/graphql"
  packages = [".","gqlerrors","language/ast","language/kinds","language/lexer","language/location","language/parser","language/printer","language/source","language/typeInfo","language/visitor"]
  revision = "2b0b7340d2285b861482047fbf5de0488e021bea"
  version = "v0.7.8"

[[projects]]
  branch = "master"
  name = "golang.org/x/sys"
  packages = ["unix"]
  revision = "fb81701db80f1745f51259b1f286de3fe2ec80c8"

[solve-meta]
  analyzer-name = "dep"
  analyzer-version = 1
  inputs-digest = "0ff8b72195867936d1fc426fd3ccd7c4fa433bc87d3415bf1a68be3be4f7dd11"
  solver-name = "gps-cdcl"
  solver-version = 1
